// !$*UTF8*$!
{
	archiveVersion = 1;
	classes = {
	};
	objectVersion = 55;
	objects = {

/* Begin PBXBuildFile section */
		31226EBE2739133800C6BAA0 /* AppDelegate.swift in Sources */ = {isa = PBXBuildFile; fileRef = 31226EBD2739133800C6BAA0 /* AppDelegate.swift */; };
		31226EC02739133800C6BAA0 /* SceneDelegate.swift in Sources */ = {isa = PBXBuildFile; fileRef = 31226EBF2739133800C6BAA0 /* SceneDelegate.swift */; };
		31226EC52739133800C6BAA0 /* Main.storyboard in Resources */ = {isa = PBXBuildFile; fileRef = 31226EC32739133800C6BAA0 /* Main.storyboard */; };
		31226EC72739133900C6BAA0 /* Assets.xcassets in Resources */ = {isa = PBXBuildFile; fileRef = 31226EC62739133900C6BAA0 /* Assets.xcassets */; };
		31226ECA2739133900C6BAA0 /* LaunchScreen.storyboard in Resources */ = {isa = PBXBuildFile; fileRef = 31226EC82739133900C6BAA0 /* LaunchScreen.storyboard */; };
		31226ED42739147500C6BAA0 /* MainViewController.swift in Sources */ = {isa = PBXBuildFile; fileRef = 31226ED32739147500C6BAA0 /* MainViewController.swift */; };
		31226ED727391D9600C6BAA0 /* Realm in Frameworks */ = {isa = PBXBuildFile; productRef = 31226ED627391D9600C6BAA0 /* Realm */; };
		31226ED927391D9600C6BAA0 /* RealmSwift in Frameworks */ = {isa = PBXBuildFile; productRef = 31226ED827391D9600C6BAA0 /* RealmSwift */; };
		31226EDC2739207300C6BAA0 /* Search.storyboard in Resources */ = {isa = PBXBuildFile; fileRef = 31226EDB2739207300C6BAA0 /* Search.storyboard */; };
		31226EDE2739209F00C6BAA0 /* SearchResultViewController.swift in Sources */ = {isa = PBXBuildFile; fileRef = 31226EDD2739209F00C6BAA0 /* SearchResultViewController.swift */; };
		31226EE12739248C00C6BAA0 /* Constants.swift in Sources */ = {isa = PBXBuildFile; fileRef = 31226EE02739248C00C6BAA0 /* Constants.swift */; };
		31226EE52739263600C6BAA0 /* MemoObject.swift in Sources */ = {isa = PBXBuildFile; fileRef = 31226EE42739263600C6BAA0 /* MemoObject.swift */; };
		31226EE7273927CA00C6BAA0 /* PersistanceManager.swift in Sources */ = {isa = PBXBuildFile; fileRef = 31226EE6273927CA00C6BAA0 /* PersistanceManager.swift */; };
		31226EE92739291A00C6BAA0 /* UserDefaultWrapper.swift in Sources */ = {isa = PBXBuildFile; fileRef = 31226EE82739291A00C6BAA0 /* UserDefaultWrapper.swift */; };
		31226EEC2739294500C6BAA0 /* UserDefault+extensions.swift in Sources */ = {isa = PBXBuildFile; fileRef = 31226EEB2739294500C6BAA0 /* UserDefault+extensions.swift */; };
		31226EEE27392D5000C6BAA0 /* MainTableViewDataSource.swift in Sources */ = {isa = PBXBuildFile; fileRef = 31226EED27392D5000C6BAA0 /* MainTableViewDataSource.swift */; };
		31226EF52739399B00C6BAA0 /* MainTableViewCell.swift in Sources */ = {isa = PBXBuildFile; fileRef = 31226EF32739399B00C6BAA0 /* MainTableViewCell.swift */; };
		31226EF62739399C00C6BAA0 /* MainTableViewCell.xib in Resources */ = {isa = PBXBuildFile; fileRef = 31226EF42739399B00C6BAA0 /* MainTableViewCell.xib */; };
		31226EF82739436000C6BAA0 /* MainViewModel.swift in Sources */ = {isa = PBXBuildFile; fileRef = 31226EF72739436000C6BAA0 /* MainViewModel.swift */; };
		31998EF3273B9EA00056C562 /* UIViewController+extensions.swift in Sources */ = {isa = PBXBuildFile; fileRef = 31998EF2273B9EA00056C562 /* UIViewController+extensions.swift */; };
		31998EF5273BA0A50056C562 /* UIAlertController+extensions.swift in Sources */ = {isa = PBXBuildFile; fileRef = 31998EF4273BA0A50056C562 /* UIAlertController+extensions.swift */; };
		31998EF7273BA7F00056C562 /* SearchViewModel.swift in Sources */ = {isa = PBXBuildFile; fileRef = 31998EF6273BA7F00056C562 /* SearchViewModel.swift */; };
		31C5F3F327396C25001270B3 /* MainTableHeader.swift in Sources */ = {isa = PBXBuildFile; fileRef = 31C5F3F227396C25001270B3 /* MainTableHeader.swift */; };
		31C88525273A6ABE004828DB /* Edit.storyboard in Resources */ = {isa = PBXBuildFile; fileRef = 31C88524273A6ABE004828DB /* Edit.storyboard */; };
		31C88527273A6AD3004828DB /* EditViewController.swift in Sources */ = {isa = PBXBuildFile; fileRef = 31C88526273A6AD3004828DB /* EditViewController.swift */; };
		31C88529273A73BD004828DB /* EditViewModel.swift in Sources */ = {isa = PBXBuildFile; fileRef = 31C88528273A73BD004828DB /* EditViewModel.swift */; };
		31C8852B273A8235004828DB /* String+extension.swift in Sources */ = {isa = PBXBuildFile; fileRef = 31C8852A273A8235004828DB /* String+extension.swift */; };
/* End PBXBuildFile section */

/* Begin PBXFileReference section */
		31226EBA2739133800C6BAA0 /* Memo.app */ = {isa = PBXFileReference; explicitFileType = wrapper.application; includeInIndex = 0; path = Memo.app; sourceTree = BUILT_PRODUCTS_DIR; };
		31226EBD2739133800C6BAA0 /* AppDelegate.swift */ = {isa = PBXFileReference; lastKnownFileType = sourcecode.swift; path = AppDelegate.swift; sourceTree = "<group>"; };
		31226EBF2739133800C6BAA0 /* SceneDelegate.swift */ = {isa = PBXFileReference; lastKnownFileType = sourcecode.swift; path = SceneDelegate.swift; sourceTree = "<group>"; };
		31226EC42739133800C6BAA0 /* Base */ = {isa = PBXFileReference; lastKnownFileType = file.storyboard; name = Base; path = Base.lproj/Main.storyboard; sourceTree = "<group>"; };
		31226EC62739133900C6BAA0 /* Assets.xcassets */ = {isa = PBXFileReference; lastKnownFileType = folder.assetcatalog; path = Assets.xcassets; sourceTree = "<group>"; };
		31226EC92739133900C6BAA0 /* Base */ = {isa = PBXFileReference; lastKnownFileType = file.storyboard; name = Base; path = Base.lproj/LaunchScreen.storyboard; sourceTree = "<group>"; };
		31226ECB2739133900C6BAA0 /* Info.plist */ = {isa = PBXFileReference; lastKnownFileType = text.plist.xml; path = Info.plist; sourceTree = "<group>"; };
		31226ED32739147500C6BAA0 /* MainViewController.swift */ = {isa = PBXFileReference; lastKnownFileType = sourcecode.swift; path = MainViewController.swift; sourceTree = "<group>"; };
		31226EDB2739207300C6BAA0 /* Search.storyboard */ = {isa = PBXFileReference; lastKnownFileType = file.storyboard; path = Search.storyboard; sourceTree = "<group>"; };
		31226EDD2739209F00C6BAA0 /* SearchResultViewController.swift */ = {isa = PBXFileReference; lastKnownFileType = sourcecode.swift; path = SearchResultViewController.swift; sourceTree = "<group>"; };
		31226EE02739248C00C6BAA0 /* Constants.swift */ = {isa = PBXFileReference; lastKnownFileType = sourcecode.swift; path = Constants.swift; sourceTree = "<group>"; };
		31226EE42739263600C6BAA0 /* MemoObject.swift */ = {isa = PBXFileReference; lastKnownFileType = sourcecode.swift; path = MemoObject.swift; sourceTree = "<group>"; };
		31226EE6273927CA00C6BAA0 /* PersistanceManager.swift */ = {isa = PBXFileReference; lastKnownFileType = sourcecode.swift; path = PersistanceManager.swift; sourceTree = "<group>"; };
		31226EE82739291A00C6BAA0 /* UserDefaultWrapper.swift */ = {isa = PBXFileReference; lastKnownFileType = sourcecode.swift; path = UserDefaultWrapper.swift; sourceTree = "<group>"; };
		31226EEB2739294500C6BAA0 /* UserDefault+extensions.swift */ = {isa = PBXFileReference; lastKnownFileType = sourcecode.swift; path = "UserDefault+extensions.swift"; sourceTree = "<group>"; };
		31226EED27392D5000C6BAA0 /* MainTableViewDataSource.swift */ = {isa = PBXFileReference; lastKnownFileType = sourcecode.swift; path = MainTableViewDataSource.swift; sourceTree = "<group>"; };
		31226EF32739399B00C6BAA0 /* MainTableViewCell.swift */ = {isa = PBXFileReference; lastKnownFileType = sourcecode.swift; path = MainTableViewCell.swift; sourceTree = "<group>"; };
		31226EF42739399B00C6BAA0 /* MainTableViewCell.xib */ = {isa = PBXFileReference; lastKnownFileType = file.xib; path = MainTableViewCell.xib; sourceTree = "<group>"; };
		31226EF72739436000C6BAA0 /* MainViewModel.swift */ = {isa = PBXFileReference; lastKnownFileType = sourcecode.swift; path = MainViewModel.swift; sourceTree = "<group>"; };
		31998EF2273B9EA00056C562 /* UIViewController+extensions.swift */ = {isa = PBXFileReference; lastKnownFileType = sourcecode.swift; path = "UIViewController+extensions.swift"; sourceTree = "<group>"; };
		31998EF4273BA0A50056C562 /* UIAlertController+extensions.swift */ = {isa = PBXFileReference; lastKnownFileType = sourcecode.swift; path = "UIAlertController+extensions.swift"; sourceTree = "<group>"; };
		31998EF6273BA7F00056C562 /* SearchViewModel.swift */ = {isa = PBXFileReference; lastKnownFileType = sourcecode.swift; path = SearchViewModel.swift; sourceTree = "<group>"; };
		31C5F3F227396C25001270B3 /* MainTableHeader.swift */ = {isa = PBXFileReference; lastKnownFileType = sourcecode.swift; path = MainTableHeader.swift; sourceTree = "<group>"; };
		31C88524273A6ABE004828DB /* Edit.storyboard */ = {isa = PBXFileReference; lastKnownFileType = file.storyboard; path = Edit.storyboard; sourceTree = "<group>"; };
		31C88526273A6AD3004828DB /* EditViewController.swift */ = {isa = PBXFileReference; lastKnownFileType = sourcecode.swift; path = EditViewController.swift; sourceTree = "<group>"; };
		31C88528273A73BD004828DB /* EditViewModel.swift */ = {isa = PBXFileReference; lastKnownFileType = sourcecode.swift; path = EditViewModel.swift; sourceTree = "<group>"; };
		31C8852A273A8235004828DB /* String+extension.swift */ = {isa = PBXFileReference; lastKnownFileType = sourcecode.swift; path = "String+extension.swift"; sourceTree = "<group>"; };
/* End PBXFileReference section */

/* Begin PBXFrameworksBuildPhase section */
		31226EB72739133800C6BAA0 /* Frameworks */ = {
			isa = PBXFrameworksBuildPhase;
			buildActionMask = 2147483647;
			files = (
				31226ED927391D9600C6BAA0 /* RealmSwift in Frameworks */,
				31226ED727391D9600C6BAA0 /* Realm in Frameworks */,
			);
			runOnlyForDeploymentPostprocessing = 0;
		};
/* End PBXFrameworksBuildPhase section */

/* Begin PBXGroup section */
		31226EB12739133800C6BAA0 = {
			isa = PBXGroup;
			children = (
				31226EBC2739133800C6BAA0 /* Memo */,
				31226EBB2739133800C6BAA0 /* Products */,
			);
			sourceTree = "<group>";
		};
		31226EBB2739133800C6BAA0 /* Products */ = {
			isa = PBXGroup;
			children = (
				31226EBA2739133800C6BAA0 /* Memo.app */,
			);
			name = Products;
			sourceTree = "<group>";
		};
		31226EBC2739133800C6BAA0 /* Memo */ = {
			isa = PBXGroup;
			children = (
				31226EE32739262600C6BAA0 /* Manager */,
				31226EE22739261F00C6BAA0 /* Realm */,
				31226EDF2739246F00C6BAA0 /* Utilities */,
				31226ED22739137600C6BAA0 /* Main */,
				31C88523273A6AA4004828DB /* Edit */,
				31226EDA2739205200C6BAA0 /* Search */,
				31226ED12739134700C6BAA0 /* Supportings */,
				31226ECB2739133900C6BAA0 /* Info.plist */,
			);
			path = Memo;
			sourceTree = "<group>";
		};
		31226ED12739134700C6BAA0 /* Supportings */ = {
			isa = PBXGroup;
			children = (
				31226EBD2739133800C6BAA0 /* AppDelegate.swift */,
				31226EBF2739133800C6BAA0 /* SceneDelegate.swift */,
				31226EC62739133900C6BAA0 /* Assets.xcassets */,
				31226EC82739133900C6BAA0 /* LaunchScreen.storyboard */,
			);
			path = Supportings;
			sourceTree = "<group>";
		};
		31226ED22739137600C6BAA0 /* Main */ = {
			isa = PBXGroup;
			children = (
				31C5F3F12739681C001270B3 /* Header */,
				31226EF22739398400C6BAA0 /* Cell */,
				31226EC32739133800C6BAA0 /* Main.storyboard */,
				31226ED32739147500C6BAA0 /* MainViewController.swift */,
				31226EED27392D5000C6BAA0 /* MainTableViewDataSource.swift */,
				31226EF72739436000C6BAA0 /* MainViewModel.swift */,
			);
			path = Main;
			sourceTree = "<group>";
		};
		31226EDA2739205200C6BAA0 /* Search */ = {
			isa = PBXGroup;
			children = (
				31226EDB2739207300C6BAA0 /* Search.storyboard */,
				31226EDD2739209F00C6BAA0 /* SearchResultViewController.swift */,
				31998EF6273BA7F00056C562 /* SearchViewModel.swift */,
			);
			path = Search;
			sourceTree = "<group>";
		};
		31226EDF2739246F00C6BAA0 /* Utilities */ = {
			isa = PBXGroup;
			children = (
				31226EEA2739293500C6BAA0 /* Extensions */,
				31226EE02739248C00C6BAA0 /* Constants.swift */,
				31226EE82739291A00C6BAA0 /* UserDefaultWrapper.swift */,
			);
			path = Utilities;
			sourceTree = "<group>";
		};
		31226EE22739261F00C6BAA0 /* Realm */ = {
			isa = PBXGroup;
			children = (
				31226EE42739263600C6BAA0 /* MemoObject.swift */,
			);
			path = Realm;
			sourceTree = "<group>";
		};
		31226EE32739262600C6BAA0 /* Manager */ = {
			isa = PBXGroup;
			children = (
				31226EE6273927CA00C6BAA0 /* PersistanceManager.swift */,
			);
			path = Manager;
			sourceTree = "<group>";
		};
		31226EEA2739293500C6BAA0 /* Extensions */ = {
			isa = PBXGroup;
			children = (
				31226EEB2739294500C6BAA0 /* UserDefault+extensions.swift */,
				31C8852A273A8235004828DB /* String+extension.swift */,
				31998EF2273B9EA00056C562 /* UIViewController+extensions.swift */,
				31998EF4273BA0A50056C562 /* UIAlertController+extensions.swift */,
			);
			path = Extensions;
			sourceTree = "<group>";
		};
		31226EF22739398400C6BAA0 /* Cell */ = {
			isa = PBXGroup;
			children = (
				31226EF32739399B00C6BAA0 /* MainTableViewCell.swift */,
				31226EF42739399B00C6BAA0 /* MainTableViewCell.xib */,
			);
			path = Cell;
			sourceTree = "<group>";
		};
		31C5F3F12739681C001270B3 /* Header */ = {
			isa = PBXGroup;
			children = (
				31C5F3F227396C25001270B3 /* MainTableHeader.swift */,
			);
			path = Header;
			sourceTree = "<group>";
		};
		31C88523273A6AA4004828DB /* Edit */ = {
			isa = PBXGroup;
			children = (
				31C88524273A6ABE004828DB /* Edit.storyboard */,
				31C88526273A6AD3004828DB /* EditViewController.swift */,
				31C88528273A73BD004828DB /* EditViewModel.swift */,
			);
			path = Edit;
			sourceTree = "<group>";
		};
/* End PBXGroup section */

/* Begin PBXNativeTarget section */
		31226EB92739133800C6BAA0 /* Memo */ = {
			isa = PBXNativeTarget;
			buildConfigurationList = 31226ECE2739133900C6BAA0 /* Build configuration list for PBXNativeTarget "Memo" */;
			buildPhases = (
				31226EB62739133800C6BAA0 /* Sources */,
				31226EB72739133800C6BAA0 /* Frameworks */,
				31226EB82739133800C6BAA0 /* Resources */,
			);
			buildRules = (
			);
			dependencies = (
			);
			name = Memo;
			packageProductDependencies = (
				31226ED627391D9600C6BAA0 /* Realm */,
				31226ED827391D9600C6BAA0 /* RealmSwift */,
			);
			productName = Memo;
			productReference = 31226EBA2739133800C6BAA0 /* Memo.app */;
			productType = "com.apple.product-type.application";
		};
/* End PBXNativeTarget section */

/* Begin PBXProject section */
		31226EB22739133800C6BAA0 /* Project object */ = {
			isa = PBXProject;
			attributes = {
				BuildIndependentTargetsInParallel = 1;
				LastSwiftUpdateCheck = 1310;
				LastUpgradeCheck = 1310;
				TargetAttributes = {
					31226EB92739133800C6BAA0 = {
						CreatedOnToolsVersion = 13.1;
					};
				};
			};
			buildConfigurationList = 31226EB52739133800C6BAA0 /* Build configuration list for PBXProject "Memo" */;
			compatibilityVersion = "Xcode 13.0";
			developmentRegion = en;
			hasScannedForEncodings = 0;
			knownRegions = (
				en,
				Base,
			);
			mainGroup = 31226EB12739133800C6BAA0;
			packageReferences = (
				31226ED527391D9600C6BAA0 /* XCRemoteSwiftPackageReference "realm-cocoa" */,
			);
			productRefGroup = 31226EBB2739133800C6BAA0 /* Products */;
			projectDirPath = "";
			projectRoot = "";
			targets = (
				31226EB92739133800C6BAA0 /* Memo */,
			);
		};
/* End PBXProject section */

/* Begin PBXResourcesBuildPhase section */
		31226EB82739133800C6BAA0 /* Resources */ = {
			isa = PBXResourcesBuildPhase;
			buildActionMask = 2147483647;
			files = (
				31226ECA2739133900C6BAA0 /* LaunchScreen.storyboard in Resources */,
				31226EC72739133900C6BAA0 /* Assets.xcassets in Resources */,
				31226EDC2739207300C6BAA0 /* Search.storyboard in Resources */,
				31226EC52739133800C6BAA0 /* Main.storyboard in Resources */,
				31C88525273A6ABE004828DB /* Edit.storyboard in Resources */,
				31226EF62739399C00C6BAA0 /* MainTableViewCell.xib in Resources */,
			);
			runOnlyForDeploymentPostprocessing = 0;
		};
/* End PBXResourcesBuildPhase section */

/* Begin PBXSourcesBuildPhase section */
		31226EB62739133800C6BAA0 /* Sources */ = {
			isa = PBXSourcesBuildPhase;
			buildActionMask = 2147483647;
			files = (
				31998EF5273BA0A50056C562 /* UIAlertController+extensions.swift in Sources */,
				31C88529273A73BD004828DB /* EditViewModel.swift in Sources */,
				31226EEC2739294500C6BAA0 /* UserDefault+extensions.swift in Sources */,
				31226EE92739291A00C6BAA0 /* UserDefaultWrapper.swift in Sources */,
				31226EE52739263600C6BAA0 /* MemoObject.swift in Sources */,
				31226EEE27392D5000C6BAA0 /* MainTableViewDataSource.swift in Sources */,
				31998EF7273BA7F00056C562 /* SearchViewModel.swift in Sources */,
				31C8852B273A8235004828DB /* String+extension.swift in Sources */,
				31226EE12739248C00C6BAA0 /* Constants.swift in Sources */,
				31C88527273A6AD3004828DB /* EditViewController.swift in Sources */,
				31226EF82739436000C6BAA0 /* MainViewModel.swift in Sources */,
				31226ED42739147500C6BAA0 /* MainViewController.swift in Sources */,
				31226EBE2739133800C6BAA0 /* AppDelegate.swift in Sources */,
				31226EDE2739209F00C6BAA0 /* SearchResultViewController.swift in Sources */,
				31226EC02739133800C6BAA0 /* SceneDelegate.swift in Sources */,
				31226EF52739399B00C6BAA0 /* MainTableViewCell.swift in Sources */,
				31C5F3F327396C25001270B3 /* MainTableHeader.swift in Sources */,
				31998EF3273B9EA00056C562 /* UIViewController+extensions.swift in Sources */,
				31226EE7273927CA00C6BAA0 /* PersistanceManager.swift in Sources */,
			);
			runOnlyForDeploymentPostprocessing = 0;
		};
/* End PBXSourcesBuildPhase section */

/* Begin PBXVariantGroup section */
		31226EC32739133800C6BAA0 /* Main.storyboard */ = {
			isa = PBXVariantGroup;
			children = (
				31226EC42739133800C6BAA0 /* Base */,
			);
			name = Main.storyboard;
			sourceTree = "<group>";
		};
		31226EC82739133900C6BAA0 /* LaunchScreen.storyboard */ = {
			isa = PBXVariantGroup;
			children = (
				31226EC92739133900C6BAA0 /* Base */,
			);
			name = LaunchScreen.storyboard;
			sourceTree = "<group>";
		};
/* End PBXVariantGroup section */

/* Begin XCBuildConfiguration section */
		31226ECC2739133900C6BAA0 /* Debug */ = {
			isa = XCBuildConfiguration;
			buildSettings = {
				ALWAYS_SEARCH_USER_PATHS = NO;
				CLANG_ANALYZER_NONNULL = YES;
				CLANG_ANALYZER_NUMBER_OBJECT_CONVERSION = YES_AGGRESSIVE;
				CLANG_CXX_LANGUAGE_STANDARD = "gnu++17";
				CLANG_CXX_LIBRARY = "libc++";
				CLANG_ENABLE_MODULES = YES;
				CLANG_ENABLE_OBJC_ARC = YES;
				CLANG_ENABLE_OBJC_WEAK = YES;
				CLANG_WARN_BLOCK_CAPTURE_AUTORELEASING = YES;
				CLANG_WARN_BOOL_CONVERSION = YES;
				CLANG_WARN_COMMA = YES;
				CLANG_WARN_CONSTANT_CONVERSION = YES;
				CLANG_WARN_DEPRECATED_OBJC_IMPLEMENTATIONS = YES;
				CLANG_WARN_DIRECT_OBJC_ISA_USAGE = YES_ERROR;
				CLANG_WARN_DOCUMENTATION_COMMENTS = YES;
				CLANG_WARN_EMPTY_BODY = YES;
				CLANG_WARN_ENUM_CONVERSION = YES;
				CLANG_WARN_INFINITE_RECURSION = YES;
				CLANG_WARN_INT_CONVERSION = YES;
				CLANG_WARN_NON_LITERAL_NULL_CONVERSION = YES;
				CLANG_WARN_OBJC_IMPLICIT_RETAIN_SELF = YES;
				CLANG_WARN_OBJC_LITERAL_CONVERSION = YES;
				CLANG_WARN_OBJC_ROOT_CLASS = YES_ERROR;
				CLANG_WARN_QUOTED_INCLUDE_IN_FRAMEWORK_HEADER = YES;
				CLANG_WARN_RANGE_LOOP_ANALYSIS = YES;
				CLANG_WARN_STRICT_PROTOTYPES = YES;
				CLANG_WARN_SUSPICIOUS_MOVE = YES;
				CLANG_WARN_UNGUARDED_AVAILABILITY = YES_AGGRESSIVE;
				CLANG_WARN_UNREACHABLE_CODE = YES;
				CLANG_WARN__DUPLICATE_METHOD_MATCH = YES;
				COPY_PHASE_STRIP = NO;
				DEBUG_INFORMATION_FORMAT = dwarf;
				ENABLE_STRICT_OBJC_MSGSEND = YES;
				ENABLE_TESTABILITY = YES;
				GCC_C_LANGUAGE_STANDARD = gnu11;
				GCC_DYNAMIC_NO_PIC = NO;
				GCC_NO_COMMON_BLOCKS = YES;
				GCC_OPTIMIZATION_LEVEL = 0;
				GCC_PREPROCESSOR_DEFINITIONS = (
					"DEBUG=1",
					"$(inherited)",
				);
				GCC_WARN_64_TO_32_BIT_CONVERSION = YES;
				GCC_WARN_ABOUT_RETURN_TYPE = YES_ERROR;
				GCC_WARN_UNDECLARED_SELECTOR = YES;
				GCC_WARN_UNINITIALIZED_AUTOS = YES_AGGRESSIVE;
				GCC_WARN_UNUSED_FUNCTION = YES;
				GCC_WARN_UNUSED_VARIABLE = YES;
				IPHONEOS_DEPLOYMENT_TARGET = 15.0;
				MTL_ENABLE_DEBUG_INFO = INCLUDE_SOURCE;
				MTL_FAST_MATH = YES;
				ONLY_ACTIVE_ARCH = YES;
				SDKROOT = iphoneos;
				SWIFT_ACTIVE_COMPILATION_CONDITIONS = DEBUG;
				SWIFT_OPTIMIZATION_LEVEL = "-Onone";
			};
			name = Debug;
		};
		31226ECD2739133900C6BAA0 /* Release */ = {
			isa = XCBuildConfiguration;
			buildSettings = {
				ALWAYS_SEARCH_USER_PATHS = NO;
				CLANG_ANALYZER_NONNULL = YES;
				CLANG_ANALYZER_NUMBER_OBJECT_CONVERSION = YES_AGGRESSIVE;
				CLANG_CXX_LANGUAGE_STANDARD = "gnu++17";
				CLANG_CXX_LIBRARY = "libc++";
				CLANG_ENABLE_MODULES = YES;
				CLANG_ENABLE_OBJC_ARC = YES;
				CLANG_ENABLE_OBJC_WEAK = YES;
				CLANG_WARN_BLOCK_CAPTURE_AUTORELEASING = YES;
				CLANG_WARN_BOOL_CONVERSION = YES;
				CLANG_WARN_COMMA = YES;
				CLANG_WARN_CONSTANT_CONVERSION = YES;
				CLANG_WARN_DEPRECATED_OBJC_IMPLEMENTATIONS = YES;
				CLANG_WARN_DIRECT_OBJC_ISA_USAGE = YES_ERROR;
				CLANG_WARN_DOCUMENTATION_COMMENTS = YES;
				CLANG_WARN_EMPTY_BODY = YES;
				CLANG_WARN_ENUM_CONVERSION = YES;
				CLANG_WARN_INFINITE_RECURSION = YES;
				CLANG_WARN_INT_CONVERSION = YES;
				CLANG_WARN_NON_LITERAL_NULL_CONVERSION = YES;
				CLANG_WARN_OBJC_IMPLICIT_RETAIN_SELF = YES;
				CLANG_WARN_OBJC_LITERAL_CONVERSION = YES;
				CLANG_WARN_OBJC_ROOT_CLASS = YES_ERROR;
				CLANG_WARN_QUOTED_INCLUDE_IN_FRAMEWORK_HEADER = YES;
				CLANG_WARN_RANGE_LOOP_ANALYSIS = YES;
				CLANG_WARN_STRICT_PROTOTYPES = YES;
				CLANG_WARN_SUSPICIOUS_MOVE = YES;
				CLANG_WARN_UNGUARDED_AVAILABILITY = YES_AGGRESSIVE;
				CLANG_WARN_UNREACHABLE_CODE = YES;
				CLANG_WARN__DUPLICATE_METHOD_MATCH = YES;
				COPY_PHASE_STRIP = NO;
				DEBUG_INFORMATION_FORMAT = "dwarf-with-dsym";
				ENABLE_NS_ASSERTIONS = NO;
				ENABLE_STRICT_OBJC_MSGSEND = YES;
				GCC_C_LANGUAGE_STANDARD = gnu11;
				GCC_NO_COMMON_BLOCKS = YES;
				GCC_WARN_64_TO_32_BIT_CONVERSION = YES;
				GCC_WARN_ABOUT_RETURN_TYPE = YES_ERROR;
				GCC_WARN_UNDECLARED_SELECTOR = YES;
				GCC_WARN_UNINITIALIZED_AUTOS = YES_AGGRESSIVE;
				GCC_WARN_UNUSED_FUNCTION = YES;
				GCC_WARN_UNUSED_VARIABLE = YES;
				IPHONEOS_DEPLOYMENT_TARGET = 15.0;
				MTL_ENABLE_DEBUG_INFO = NO;
				MTL_FAST_MATH = YES;
				SDKROOT = iphoneos;
				SWIFT_COMPILATION_MODE = wholemodule;
				SWIFT_OPTIMIZATION_LEVEL = "-O";
				VALIDATE_PRODUCT = YES;
			};
			name = Release;
		};
		31226ECF2739133900C6BAA0 /* Debug */ = {
			isa = XCBuildConfiguration;
			buildSettings = {
				ASSETCATALOG_COMPILER_APPICON_NAME = AppIcon;
				ASSETCATALOG_COMPILER_GLOBAL_ACCENT_COLOR_NAME = AccentColor;
				CODE_SIGN_STYLE = Automatic;
				CURRENT_PROJECT_VERSION = 1;
				DEVELOPMENT_TEAM = 7DY6Z945T9;
				GENERATE_INFOPLIST_FILE = YES;
				INFOPLIST_FILE = Memo/Info.plist;
				INFOPLIST_KEY_UIApplicationSupportsIndirectInputEvents = YES;
				INFOPLIST_KEY_UILaunchStoryboardName = LaunchScreen;
				INFOPLIST_KEY_UIMainStoryboardFile = Main;
				INFOPLIST_KEY_UISupportedInterfaceOrientations_iPad = "UIInterfaceOrientationPortrait UIInterfaceOrientationPortraitUpsideDown UIInterfaceOrientationLandscapeLeft UIInterfaceOrientationLandscapeRight";
				INFOPLIST_KEY_UISupportedInterfaceOrientations_iPhone = "UIInterfaceOrientationPortrait UIInterfaceOrientationLandscapeLeft UIInterfaceOrientationLandscapeRight";
				IPHONEOS_DEPLOYMENT_TARGET = 13.0;
				LD_RUNPATH_SEARCH_PATHS = (
					"$(inherited)",
					"@executable_path/Frameworks",
				);
				MARKETING_VERSION = 1.0;
				PRODUCT_BUNDLE_IDENTIFIER = klioop.Memo;
				PRODUCT_NAME = "$(TARGET_NAME)";
				SWIFT_EMIT_LOC_STRINGS = YES;
				SWIFT_VERSION = 5.0;
				TARGETED_DEVICE_FAMILY = "1,2";
			};
			name = Debug;
		};
		31226ED02739133900C6BAA0 /* Release */ = {
			isa = XCBuildConfiguration;
			buildSettings = {
				ASSETCATALOG_COMPILER_APPICON_NAME = AppIcon;
				ASSETCATALOG_COMPILER_GLOBAL_ACCENT_COLOR_NAME = AccentColor;
				CODE_SIGN_STYLE = Automatic;
				CURRENT_PROJECT_VERSION = 1;
				DEVELOPMENT_TEAM = 7DY6Z945T9;
				GENERATE_INFOPLIST_FILE = YES;
				INFOPLIST_FILE = Memo/Info.plist;
				INFOPLIST_KEY_UIApplicationSupportsIndirectInputEvents = YES;
				INFOPLIST_KEY_UILaunchStoryboardName = LaunchScreen;
				INFOPLIST_KEY_UIMainStoryboardFile = Main;
				INFOPLIST_KEY_UISupportedInterfaceOrientations_iPad = "UIInterfaceOrientationPortrait UIInterfaceOrientationPortraitUpsideDown UIInterfaceOrientationLandscapeLeft UIInterfaceOrientationLandscapeRight";
				INFOPLIST_KEY_UISupportedInterfaceOrientations_iPhone = "UIInterfaceOrientationPortrait UIInterfaceOrientationLandscapeLeft UIInterfaceOrientationLandscapeRight";
				IPHONEOS_DEPLOYMENT_TARGET = 13.0;
				LD_RUNPATH_SEARCH_PATHS = (
					"$(inherited)",
					"@executable_path/Frameworks",
				);
				MARKETING_VERSION = 1.0;
				PRODUCT_BUNDLE_IDENTIFIER = klioop.Memo;
				PRODUCT_NAME = "$(TARGET_NAME)";
				SWIFT_EMIT_LOC_STRINGS = YES;
				SWIFT_VERSION = 5.0;
				TARGETED_DEVICE_FAMILY = "1,2";
			};
			name = Release;
		};
/* End XCBuildConfiguration section */

/* Begin XCConfigurationList section */
		31226EB52739133800C6BAA0 /* Build configuration list for PBXProject "Memo" */ = {
			isa = XCConfigurationList;
			buildConfigurations = (
				31226ECC2739133900C6BAA0 /* Debug */,
				31226ECD2739133900C6BAA0 /* Release */,
			);
			defaultConfigurationIsVisible = 0;
			defaultConfigurationName = Release;
		};
		31226ECE2739133900C6BAA0 /* Build configuration list for PBXNativeTarget "Memo" */ = {
			isa = XCConfigurationList;
			buildConfigurations = (
				31226ECF2739133900C6BAA0 /* Debug */,
				31226ED02739133900C6BAA0 /* Release */,
			);
			defaultConfigurationIsVisible = 0;
			defaultConfigurationName = Release;
		};
/* End XCConfigurationList section */

/* Begin XCRemoteSwiftPackageReference section */
		31226ED527391D9600C6BAA0 /* XCRemoteSwiftPackageReference "realm-cocoa" */ = {
			isa = XCRemoteSwiftPackageReference;
			repositoryURL = "https://github.com/realm/realm-cocoa.git";
			requirement = {
				kind = upToNextMajorVersion;
				minimumVersion = 10.19.0;
			};
		};
/* End XCRemoteSwiftPackageReference section */

/* Begin XCSwiftPackageProductDependency section */
		31226ED627391D9600C6BAA0 /* Realm */ = {
			isa = XCSwiftPackageProductDependency;
			package = 31226ED527391D9600C6BAA0 /* XCRemoteSwiftPackageReference "realm-cocoa" */;
			productName = Realm;
		};
		31226ED827391D9600C6BAA0 /* RealmSwift */ = {
			isa = XCSwiftPackageProductDependency;
			package = 31226ED527391D9600C6BAA0 /* XCRemoteSwiftPackageReference "realm-cocoa" */;
			productName = RealmSwift;
		};
/* End XCSwiftPackageProductDependency section */
	};
	rootObject = 31226EB22739133800C6BAA0 /* Project object */;
}
